{
  "name": "popp-interfaces",
  "version": "1.1.1",
  "lockfileVersion": 3,
  "requires": true,
  "packages": {
    "": {
      "name": "popp-interfaces",
      "version": "1.1.1",
      "license": "MIT",
      "dependencies": {
        "@openzeppelin/contracts-upgradeable": "*",
        "npmrc": "^1.1.1"
      }
    },
    "node_modules/@openzeppelin/contracts-upgradeable": {
      "version": "4.9.2",
      "resolved": "https://registry.npmjs.org/@openzeppelin/contracts-upgradeable/-/contracts-upgradeable-4.9.2.tgz",
      "integrity": "sha512-siviV3PZV/fHfPaoIC51rf1Jb6iElkYWnNYZ0leO23/ukXuvOyoC/ahy8jqiV7g+++9Nuo3n/rk5ajSN/+d/Sg=="
    },
    "node_modules/npmrc": {
      "version": "1.1.1",
      "resolved": "https://registry.npmjs.org/npmrc/-/npmrc-1.1.1.tgz",
      "integrity": "sha512-uBbR8YNnIvKhMCDyz27Ffvnm2bLntMesFcwiz6Yp0DYSQB+JqgM1MocewFwMlItKCex+1ytii/+vmLhigO1qhg==",
      "bin": {
        "npmrc": "npmrc.js"
      }
    }
  }
}
